
Microsoft Visual Studio Solution File, Format Version 12.00
# Visual Studio Version 17
VisualStudioVersion = 17.5.33516.290
MinimumVisualStudioVersion = 10.0.40219.1
Project("{FAE04EC0-301F-11D3-BF4B-00C04F79EFBC}") = "QueuingForm", "QueuingForm\QueuingForm.csproj", "{A04BC390-22DC-4ED5-B762-867FC088DCAA}"
EndProject
Global
	GlobalSection(SolutionConfigurationPlatforms) = preSolution
		Debug|Any CPU = Debug|Any CPU
		Release|Any CPU = Release|Any CPU
	EndGlobalSection
	GlobalSection(ProjectConfigurationPlatforms) = postSolution
		{A04BC390-22DC-4ED5-B762-867FC088DCAA}.Debug|Any CPU.ActiveCfg = Debug|Any CPU
		{A04BC390-22DC-4ED5-B762-867FC088DCAA}.Debug|Any CPU.Build.0 = Debug|Any CPU
		{A04BC390-22DC-4ED5-B762-867FC088DCAA}.Release|Any CPU.ActiveCfg = Release|Any CPU
		{A04BC390-22DC-4ED5-B762-867FC088DCAA}.Release|Any CPU.Build.0 = Release|Any CPU
	EndGlobalSection
	GlobalSection(SolutionProperties) = preSolution
		HideSolutionNode = FALSE
	EndGlobalSection
	GlobalSection(ExtensibilityGlobals) = postSolution
		SolutionGuid = {123E198F-D017-4621-A46E-639193DD3EAF}
	EndGlobalSection
EndGlobal
